
Microsoft Visual Studio Solution File, Format Version 12.00
# Visual Studio Version 16
VisualStudioVersion = 16.0.29503.13
MinimumVisualStudioVersion = 10.0.40219.1
Project("{888888A0-9F3D-457C-B088-3A5042F75D52}") = "LearningPython", "LearningPython.pyproj", "{6D5283C8-02DF-49DC-A005-AB8BF6A59AB7}"
EndProject
Global
	GlobalSection(SolutionConfigurationPlatforms) = preSolution
		Debug|Any CPU = Debug|Any CPU
		Release|Any CPU = Release|Any CPU
	EndGlobalSection
	GlobalSection(ProjectConfigurationPlatforms) = postSolution
		{6D5283C8-02DF-49DC-A005-AB8BF6A59AB7}.Debug|Any CPU.ActiveCfg = Debug|Any CPU
		{6D5283C8-02DF-49DC-A005-AB8BF6A59AB7}.Release|Any CPU.ActiveCfg = Release|Any CPU
	EndGlobalSection
	GlobalSection(SolutionProperties) = preSolution
		HideSolutionNode = FALSE
	EndGlobalSection
	GlobalSection(ExtensibilityGlobals) = postSolution
		SolutionGuid = {925969F1-0FDD-407B-BD96-07D6CCF925B4}
	EndGlobalSection
EndGlobal
